Microsoft Visual Studio Solution File, Format Version 12.00
# Visual Studio Version 17
VisualStudioVersion = 17.5.33414.496
MinimumVisualStudioVersion = 10.0.40219.1
Project("{FAE04EC0-301F-11D3-BF4B-00C04F79EFBC}") = "Quiz_Game", "Quiz_Game/Quiz_Game.csproj", "{5C8AACA3-080C-4FB2-8263-CFED9FFB4EEE}"
EndProject
Global
	GlobalSection(SolutionConfigurationPlatforms) = preSolution
		Debug|Any CPU = Debug|Any CPU
		Release|Any CPU = Release|Any CPU
	EndGlobalSection
	GlobalSection(ProjectConfigurationPlatforms) = postSolution
		{5C8AACA3-080C-4FB2-8263-CFED9FFB4EEE}.Debug|Any CPU.ActiveCfg = Debug|Any CPU
		{5C8AACA3-080C-4FB2-8263-CFED9FFB4EEE}.Debug|Any CPU.Build.0 = Debug|Any CPU
		{5C8AACA3-080C-4FB2-8263-CFED9FFB4EEE}.Release|Any CPU.ActiveCfg = Release|Any CPU
		{5C8AACA3-080C-4FB2-8263-CFED9FFB4EEE}.Release|Any CPU.Build.0 = Release|Any CPU
		{1B370A2B-7079-448B-96FA-F39BB402988C}.Debug|Any CPU.ActiveCfg = Debug|Any CPU
		{1B370A2B-7079-448B-96FA-F39BB402988C}.Debug|Any CPU.Build.0 = Debug|Any CPU
		{1B370A2B-7079-448B-96FA-F39BB402988C}.Release|Any CPU.ActiveCfg = Release|Any CPU
		{1B370A2B-7079-448B-96FA-F39BB402988C}.Release|Any CPU.Build.0 = Release|Any CPU
		{A13F287E-3627-4E41-905C-637C08579AB7}.Debug|Any CPU.ActiveCfg = Debug|Any CPU
		{A13F287E-3627-4E41-905C-637C08579AB7}.Debug|Any CPU.Build.0 = Debug|Any CPU
		{A13F287E-3627-4E41-905C-637C08579AB7}.Release|Any CPU.ActiveCfg = Release|Any CPU
		{A13F287E-3627-4E41-905C-637C08579AB7}.Release|Any CPU.Build.0 = Release|Any CPU
	EndGlobalSection
	GlobalSection(SolutionProperties) = preSolution
		HideSolutionNode = FALSE
	EndGlobalSection
	GlobalSection(ExtensibilityGlobals) = postSolution
		SolutionGuid = {CF80DA77-AB63-421C-A8B2-32F73159065C}
	EndGlobalSection
EndGlobal